{
  "name": "@guseyn/cutie-http",
  "version": "1.1.5",
  "lockfileVersion": 1,
  "requires": true,
  "dependencies": {
    "@guseyn/cutie": {
      "version": "1.3.7",
      "resolved": "https://registry.npmjs.org/@guseyn/cutie/-/cutie-1.3.7.tgz",
      "integrity": "sha512-czyO+55HuNjMEvrAPtN2yaH2y3BgTKkyDzFDIZmzJhaOJix1AoFNt/xgk1fiWWpIt9xg7dRxTD7zoyNE2sTZ+A=="
    },
    "@guseyn/cutie-assert": {
      "version": "1.0.9",
      "resolved": "https://registry.npmjs.org/@guseyn/cutie-assert/-/cutie-assert-1.0.9.tgz",
      "integrity": "sha512-ejxWlRzCsbpBZqL1q8SExvVeuON0WlUD21cl+Uk81ETbNOGjoqNuJUILaTr4Do8qkA26sBrfKsGznVdPZ1lAAg==",
      "requires": {
        "@guseyn/cutie": "1.3.7"
      }
    },
    "@guseyn/cutie-is": {
      "version": "1.0.1",
      "resolved": "https://registry.npmjs.org/@guseyn/cutie-is/-/cutie-is-1.0.1.tgz",
      "integrity": "sha512-5KthiSAEmWOyiHISmLxdBJREVtFYcyJ0maNK3YjKwlrRlQOAOnJMI5MS6jdDAlE/uIghtNpwYXqcCB3nbWYWqQ==",
      "requires": {
        "@guseyn/cutie": "1.3.7",
        "@guseyn/cutie-assert": "1.0.9"
      }
    },
    "@guseyn/cutie-stream": {
      "version": "1.0.4",
      "resolved": "https://registry.npmjs.org/@guseyn/cutie-stream/-/cutie-stream-1.0.4.tgz",
      "integrity": "sha512-S+20Kx7yRpOf/0mI2SkNYTXQGDfDC2rdkYrdnF5YFTVdrRwY4GcNQGlQ/P7pOVkpNk78EgWwLhmeGUBwd7jaZg==",
      "requires": {
        "@guseyn/cutie": "1.3.7"
      }
    },
    "test-executor": {
      "version": "1.0.8",
      "resolved": "https://registry.npmjs.org/test-executor/-/test-executor-1.0.8.tgz",
      "integrity": "sha512-qNnHuQprdIhIOD/sq3vBdrpOQcw54QAV/uP5yDCMVDHansEd97mx8bvpxSOy+mA1xcbWQhpNuvWFpLAkhmnXyg==",
      "requires": {
        "@guseyn/cutie": "1.3.7"
      }
    }
  }
}
