{
  "name": "@guseyn/cutie-http",
  "version": "1.1.5",
  "lockfileVersion": 1,
  "requires": true,
  "dependencies": {
    "@guseyn/cutie": {
      "version": "1.3.7",
      "resolved": "https://registry.npmjs.org/@guseyn/cutie/-/cutie-1.3.7.tgz",
      "integrity": "sha512-czyO+55HuNjMEvrAPtN2yaH2y3BgTKkyDzFDIZmzJhaOJix1AoFNt/xgk1fiWWpIt9xg7dRxTD7zoyNE2sTZ+A=="
    },
    "@guseyn/cutie-assert": {
      "version": "1.0.9",
      "resolved": "https://registry.npmjs.org/@guseyn/cutie-assert/-/cutie-assert-1.0.9.tgz",
      "integrity": "sha512-ejxWlRzCsbpBZqL1q8SExvVeuON0WlUD21cl+Uk81ETbNOGjoqNuJUILaTr4Do8qkA26sBrfKsGznVdPZ1lAAg==",
      "requires": {
        "@guseyn/cutie": "1.3.7"
      }
    },
    "@guseyn/cutie-is": {
      "version": "1.0.1",
      "resolved": "https://registry.npmjs.org/@guseyn/cutie-is/-/cutie-is-1.0.1.tgz",
      "integrity": "sha512-5KthiSAEmWOyiHISmLxdBJREVtFYcyJ0maNK3YjKwlrRlQOAOnJMI5MS6jdDAlE/uIghtNpwYXqcCB3nbWYWqQ==",
      "requires": {
        "@guseyn/cutie": "1.3.7",
        "@guseyn/cutie-assert": "1.0.9"
      }
    },
    "@guseyn/cutie-object": {
      "version": "1.0.0",
      "resolved": "https://registry.npmjs.org/@guseyn/cutie-object/-/cutie-object-1.0.0.tgz",
      "integrity": "sha512-E3zFsNI1TpNd91HlorQMOreZ0XBZ6WlTeo0VZe0btHgUmkRyX5ET2vaQ8ZGPAWf+89xzkLuf70BtirH1D0kEAw==",
      "requires": {
        "@guseyn/cutie": "1.3.7"
      }
    },
    "@guseyn/cutie-stream": {
      "version": "1.0.6",
      "resolved": "https://registry.npmjs.org/@guseyn/cutie-stream/-/cutie-stream-1.0.6.tgz",
      "integrity": "sha512-sws2411Lnf52r2+Rv/12xG+WoOqvkHv1Kj8Cmll+bOp9g/P10E5A4r9rO4/XiUj1wP2qjxL2mcURqA1B5Y+lzQ==",
      "requires": {
        "@guseyn/cutie": "1.3.7"
      }
    },
    "test-executor": {
      "version": "1.0.8",
      "resolved": "https://registry.npmjs.org/test-executor/-/test-executor-1.0.8.tgz",
      "integrity": "sha512-qNnHuQprdIhIOD/sq3vBdrpOQcw54QAV/uP5yDCMVDHansEd97mx8bvpxSOy+mA1xcbWQhpNuvWFpLAkhmnXyg==",
      "requires": {
        "@guseyn/cutie": "1.3.7"
      }
    }
  }
}
